
Microsoft Visual Studio Solution File, Format Version 12.00
# Visual Studio 15
VisualStudioVersion = 15.0.28307.271
MinimumVisualStudioVersion = 10.0.40219.1
Project("{FAE04EC0-301F-11D3-BF4B-00C04F79EFBC}") = "KMA.ProgrammingInCSharp2019.Lab05", "KMA.ProgrammingInCSharp2019.Lab05\KMA.ProgrammingInCSharp2019.Lab05.csproj", "{D07BD446-9609-460F-A2FA-B92DB160D031}"
EndProject
Global
	GlobalSection(SolutionConfigurationPlatforms) = preSolution
		Debug|Any CPU = Debug|Any CPU
		Release|Any CPU = Release|Any CPU
	EndGlobalSection
	GlobalSection(ProjectConfigurationPlatforms) = postSolution
		{D07BD446-9609-460F-A2FA-B92DB160D031}.Debug|Any CPU.ActiveCfg = Debug|Any CPU
		{D07BD446-9609-460F-A2FA-B92DB160D031}.Debug|Any CPU.Build.0 = Debug|Any CPU
		{D07BD446-9609-460F-A2FA-B92DB160D031}.Release|Any CPU.ActiveCfg = Release|Any CPU
		{D07BD446-9609-460F-A2FA-B92DB160D031}.Release|Any CPU.Build.0 = Release|Any CPU
	EndGlobalSection
	GlobalSection(SolutionProperties) = preSolution
		HideSolutionNode = FALSE
	EndGlobalSection
	GlobalSection(ExtensibilityGlobals) = postSolution
		SolutionGuid = {6A414735-26C0-4F7F-B053-FC2A30DA16C9}
	EndGlobalSection
EndGlobal
